// !$*UTF8*$!
{
	archiveVersion = 1;
	classes = {
	};
	objectVersion = 46;
	objects = {

/* Begin PBXBuildFile section */
		9F4E31101E93E2A100B94915 /* AppDelegate.swift in Sources */ = {isa = PBXBuildFile; fileRef = 9F4E310F1E93E2A100B94915 /* AppDelegate.swift */; };
		9F4E31121E93E2A100B94915 /* ViewController.swift in Sources */ = {isa = PBXBuildFile; fileRef = 9F4E31111E93E2A100B94915 /* ViewController.swift */; };
		9F4E31151E93E2A100B94915 /* Main.storyboard in Resources */ = {isa = PBXBuildFile; fileRef = 9F4E31131E93E2A100B94915 /* Main.storyboard */; };
		9F4E31171E93E2A100B94915 /* Assets.xcassets in Resources */ = {isa = PBXBuildFile; fileRef = 9F4E31161E93E2A100B94915 /* Assets.xcassets */; };
		9F4E311A1E93E2A100B94915 /* LaunchScreen.storyboard in Resources */ = {isa = PBXBuildFile; fileRef = 9F4E31181E93E2A100B94915 /* LaunchScreen.storyboard */; };
		9F4E31251E93E2A100B94915 /* ConcurrentTests.swift in Sources */ = {isa = PBXBuildFile; fileRef = 9F4E31241E93E2A100B94915 /* ConcurrentTests.swift */; };
		9F4E31301E93E2A100B94915 /* ConcurrentUITests.swift in Sources */ = {isa = PBXBuildFile; fileRef = 9F4E312F1E93E2A100B94915 /* ConcurrentUITests.swift */; };
		9F4E313E1E93E32900B94915 /* Downloader.swift in Sources */ = {isa = PBXBuildFile; fileRef = 9F4E313D1E93E32900B94915 /* Downloader.swift */; };
/* End PBXBuildFile section */

/* Begin PBXContainerItemProxy section */
		9F4E31211E93E2A100B94915 /* PBXContainerItemProxy */ = {
			isa = PBXContainerItemProxy;
			containerPortal = 9F4E31041E93E2A100B94915 /* Project object */;
			proxyType = 1;
			remoteGlobalIDString = 9F4E310B1E93E2A100B94915;
			remoteInfo = Concurrent;
		};
		9F4E312C1E93E2A100B94915 /* PBXContainerItemProxy */ = {
			isa = PBXContainerItemProxy;
			containerPortal = 9F4E31041E93E2A100B94915 /* Project object */;
			proxyType = 1;
			remoteGlobalIDString = 9F4E310B1E93E2A100B94915;
			remoteInfo = Concurrent;
		};
/* End PBXContainerItemProxy section */

/* Begin PBXFileReference section */
		9F4E310C1E93E2A100B94915 /* Concurrent.app */ = {isa = PBXFileReference; explicitFileType = wrapper.application; includeInIndex = 0; path = Concurrent.app; sourceTree = BUILT_PRODUCTS_DIR; };
		9F4E310F1E93E2A100B94915 /* AppDelegate.swift */ = {isa = PBXFileReference; lastKnownFileType = sourcecode.swift; path = AppDelegate.swift; sourceTree = "<group>"; };
		9F4E31111E93E2A100B94915 /* ViewController.swift */ = {isa = PBXFileReference; lastKnownFileType = sourcecode.swift; path = ViewController.swift; sourceTree = "<group>"; };
		9F4E31141E93E2A100B94915 /* Base */ = {isa = PBXFileReference; lastKnownFileType = file.storyboard; name = Base; path = Base.lproj/Main.storyboard; sourceTree = "<group>"; };
		9F4E31161E93E2A100B94915 /* Assets.xcassets */ = {isa = PBXFileReference; lastKnownFileType = folder.assetcatalog; path = Assets.xcassets; sourceTree = "<group>"; };
		9F4E31191E93E2A100B94915 /* Base */ = {isa = PBXFileReference; lastKnownFileType = file.storyboard; name = Base; path = Base.lproj/LaunchScreen.storyboard; sourceTree = "<group>"; };
		9F4E311B1E93E2A100B94915 /* Info.plist */ = {isa = PBXFileReference; lastKnownFileType = text.plist.xml; path = Info.plist; sourceTree = "<group>"; };
		9F4E31201E93E2A100B94915 /* ConcurrentTests.xctest */ = {isa = PBXFileReference; explicitFileType = wrapper.cfbundle; includeInIndex = 0; path = ConcurrentTests.xctest; sourceTree = BUILT_PRODUCTS_DIR; };
		9F4E31241E93E2A100B94915 /* ConcurrentTests.swift */ = {isa = PBXFileReference; lastKnownFileType = sourcecode.swift; path = ConcurrentTests.swift; sourceTree = "<group>"; };
		9F4E31261E93E2A100B94915 /* Info.plist */ = {isa = PBXFileReference; lastKnownFileType = text.plist.xml; path = Info.plist; sourceTree = "<group>"; };
		9F4E312B1E93E2A100B94915 /* ConcurrentUITests.xctest */ = {isa = PBXFileReference; explicitFileType = wrapper.cfbundle; includeInIndex = 0; path = ConcurrentUITests.xctest; sourceTree = BUILT_PRODUCTS_DIR; };
		9F4E312F1E93E2A100B94915 /* ConcurrentUITests.swift */ = {isa = PBXFileReference; lastKnownFileType = sourcecode.swift; path = ConcurrentUITests.swift; sourceTree = "<group>"; };
		9F4E31311E93E2A100B94915 /* Info.plist */ = {isa = PBXFileReference; lastKnownFileType = text.plist.xml; path = Info.plist; sourceTree = "<group>"; };
		9F4E313D1E93E32900B94915 /* Downloader.swift */ = {isa = PBXFileReference; fileEncoding = 4; lastKnownFileType = sourcecode.swift; path = Downloader.swift; sourceTree = "<group>"; };
/* End PBXFileReference section */

/* Begin PBXFrameworksBuildPhase section */
		9F4E31091E93E2A100B94915 /* Frameworks */ = {
			isa = PBXFrameworksBuildPhase;
			buildActionMask = 2147483647;
			files = (
			);
			runOnlyForDeploymentPostprocessing = 0;
		};
		9F4E311D1E93E2A100B94915 /* Frameworks */ = {
			isa = PBXFrameworksBuildPhase;
			buildActionMask = 2147483647;
			files = (
			);
			runOnlyForDeploymentPostprocessing = 0;
		};
		9F4E31281E93E2A100B94915 /* Frameworks */ = {
			isa = PBXFrameworksBuildPhase;
			buildActionMask = 2147483647;
			files = (
			);
			runOnlyForDeploymentPostprocessing = 0;
		};
/* End PBXFrameworksBuildPhase section */

/* Begin PBXGroup section */
		9F4E31031E93E2A100B94915 = {
			isa = PBXGroup;
			children = (
				9F4E310E1E93E2A100B94915 /* Concurrent */,
				9F4E31231E93E2A100B94915 /* ConcurrentTests */,
				9F4E312E1E93E2A100B94915 /* ConcurrentUITests */,
				9F4E310D1E93E2A100B94915 /* Products */,
			);
			sourceTree = "<group>";
		};
		9F4E310D1E93E2A100B94915 /* Products */ = {
			isa = PBXGroup;
			children = (
				9F4E310C1E93E2A100B94915 /* Concurrent.app */,
				9F4E31201E93E2A100B94915 /* ConcurrentTests.xctest */,
				9F4E312B1E93E2A100B94915 /* ConcurrentUITests.xctest */,
			);
			name = Products;
			sourceTree = "<group>";
		};
		9F4E310E1E93E2A100B94915 /* Concurrent */ = {
			isa = PBXGroup;
			children = (
				9F4E310F1E93E2A100B94915 /* AppDelegate.swift */,
				9F4E31111E93E2A100B94915 /* ViewController.swift */,
				9F4E31131E93E2A100B94915 /* Main.storyboard */,
				9F4E31161E93E2A100B94915 /* Assets.xcassets */,
				9F4E31181E93E2A100B94915 /* LaunchScreen.storyboard */,
				9F4E311B1E93E2A100B94915 /* Info.plist */,
				9F4E313D1E93E32900B94915 /* Downloader.swift */,
			);
			path = Concurrent;
			sourceTree = "<group>";
		};
		9F4E31231E93E2A100B94915 /* ConcurrentTests */ = {
			isa = PBXGroup;
			children = (
				9F4E31241E93E2A100B94915 /* ConcurrentTests.swift */,
				9F4E31261E93E2A100B94915 /* Info.plist */,
			);
			path = ConcurrentTests;
			sourceTree = "<group>";
		};
		9F4E312E1E93E2A100B94915 /* ConcurrentUITests */ = {
			isa = PBXGroup;
			children = (
				9F4E312F1E93E2A100B94915 /* ConcurrentUITests.swift */,
				9F4E31311E93E2A100B94915 /* Info.plist */,
			);
			path = ConcurrentUITests;
			sourceTree = "<group>";
		};
/* End PBXGroup section */

/* Begin PBXNativeTarget section */
		9F4E310B1E93E2A100B94915 /* Concurrent */ = {
			isa = PBXNativeTarget;
			buildConfigurationList = 9F4E31341E93E2A100B94915 /* Build configuration list for PBXNativeTarget "Concurrent" */;
			buildPhases = (
				9F4E31081E93E2A100B94915 /* Sources */,
				9F4E31091E93E2A100B94915 /* Frameworks */,
				9F4E310A1E93E2A100B94915 /* Resources */,
			);
			buildRules = (
			);
			dependencies = (
			);
			name = Concurrent;
			productName = Concurrent;
			productReference = 9F4E310C1E93E2A100B94915 /* Concurrent.app */;
			productType = "com.apple.product-type.application";
		};
		9F4E311F1E93E2A100B94915 /* ConcurrentTests */ = {
			isa = PBXNativeTarget;
			buildConfigurationList = 9F4E31371E93E2A100B94915 /* Build configuration list for PBXNativeTarget "ConcurrentTests" */;
			buildPhases = (
				9F4E311C1E93E2A100B94915 /* Sources */,
				9F4E311D1E93E2A100B94915 /* Frameworks */,
				9F4E311E1E93E2A100B94915 /* Resources */,
			);
			buildRules = (
			);
			dependencies = (
				9F4E31221E93E2A100B94915 /* PBXTargetDependency */,
			);
			name = ConcurrentTests;
			productName = ConcurrentTests;
			productReference = 9F4E31201E93E2A100B94915 /* ConcurrentTests.xctest */;
			productType = "com.apple.product-type.bundle.unit-test";
		};
		9F4E312A1E93E2A100B94915 /* ConcurrentUITests */ = {
			isa = PBXNativeTarget;
			buildConfigurationList = 9F4E313A1E93E2A100B94915 /* Build configuration list for PBXNativeTarget "ConcurrentUITests" */;
			buildPhases = (
				9F4E31271E93E2A100B94915 /* Sources */,
				9F4E31281E93E2A100B94915 /* Frameworks */,
				9F4E31291E93E2A100B94915 /* Resources */,
			);
			buildRules = (
			);
			dependencies = (
				9F4E312D1E93E2A100B94915 /* PBXTargetDependency */,
			);
			name = ConcurrentUITests;
			productName = ConcurrentUITests;
			productReference = 9F4E312B1E93E2A100B94915 /* ConcurrentUITests.xctest */;
			productType = "com.apple.product-type.bundle.ui-testing";
		};
/* End PBXNativeTarget section */

/* Begin PBXProject section */
		9F4E31041E93E2A100B94915 /* Project object */ = {
			isa = PBXProject;
			attributes = {
				LastSwiftUpdateCheck = 0820;
				LastUpgradeCheck = 0820;
				ORGANIZATIONNAME = shenjun;
				TargetAttributes = {
					9F4E310B1E93E2A100B94915 = {
						CreatedOnToolsVersion = 8.2.1;
						ProvisioningStyle = Automatic;
					};
					9F4E311F1E93E2A100B94915 = {
						CreatedOnToolsVersion = 8.2.1;
						ProvisioningStyle = Automatic;
						TestTargetID = 9F4E310B1E93E2A100B94915;
					};
					9F4E312A1E93E2A100B94915 = {
						CreatedOnToolsVersion = 8.2.1;
						ProvisioningStyle = Automatic;
						TestTargetID = 9F4E310B1E93E2A100B94915;
					};
				};
			};
			buildConfigurationList = 9F4E31071E93E2A100B94915 /* Build configuration list for PBXProject "Concurrent" */;
			compatibilityVersion = "Xcode 3.2";
			developmentRegion = English;
			hasScannedForEncodings = 0;
			knownRegions = (
				en,
				Base,
			);
			mainGroup = 9F4E31031E93E2A100B94915;
			productRefGroup = 9F4E310D1E93E2A100B94915 /* Products */;
			projectDirPath = "";
			projectRoot = "";
			targets = (
				9F4E310B1E93E2A100B94915 /* Concurrent */,
				9F4E311F1E93E2A100B94915 /* ConcurrentTests */,
				9F4E312A1E93E2A100B94915 /* ConcurrentUITests */,
			);
		};
/* End PBXProject section */

/* Begin PBXResourcesBuildPhase section */
		9F4E310A1E93E2A100B94915 /* Resources */ = {
			isa = PBXResourcesBuildPhase;
			buildActionMask = 2147483647;
			files = (
				9F4E311A1E93E2A100B94915 /* LaunchScreen.storyboard in Resources */,
				9F4E31171E93E2A100B94915 /* Assets.xcassets in Resources */,
				9F4E31151E93E2A100B94915 /* Main.storyboard in Resources */,
			);
			runOnlyForDeploymentPostprocessing = 0;
		};
		9F4E311E1E93E2A100B94915 /* Resources */ = {
			isa = PBXResourcesBuildPhase;
			buildActionMask = 2147483647;
			files = (
			);
			runOnlyForDeploymentPostprocessing = 0;
		};
		9F4E31291E93E2A100B94915 /* Resources */ = {
			isa = PBXResourcesBuildPhase;
			buildActionMask = 2147483647;
			files = (
			);
			runOnlyForDeploymentPostprocessing = 0;
		};
/* End PBXResourcesBuildPhase section */

/* Begin PBXSourcesBuildPhase section */
		9F4E31081E93E2A100B94915 /* Sources */ = {
			isa = PBXSourcesBuildPhase;
			buildActionMask = 2147483647;
			files = (
				9F4E31121E93E2A100B94915 /* ViewController.swift in Sources */,
				9F4E31101E93E2A100B94915 /* AppDelegate.swift in Sources */,
				9F4E313E1E93E32900B94915 /* Downloader.swift in Sources */,
			);
			runOnlyForDeploymentPostprocessing = 0;
		};
		9F4E311C1E93E2A100B94915 /* Sources */ = {
			isa = PBXSourcesBuildPhase;
			buildActionMask = 2147483647;
			files = (
				9F4E31251E93E2A100B94915 /* ConcurrentTests.swift in Sources */,
			);
			runOnlyForDeploymentPostprocessing = 0;
		};
		9F4E31271E93E2A100B94915 /* Sources */ = {
			isa = PBXSourcesBuildPhase;
			buildActionMask = 2147483647;
			files = (
				9F4E31301E93E2A100B94915 /* ConcurrentUITests.swift in Sources */,
			);
			runOnlyForDeploymentPostprocessing = 0;
		};
/* End PBXSourcesBuildPhase section */

/* Begin PBXTargetDependency section */
		9F4E31221E93E2A100B94915 /* PBXTargetDependency */ = {
			isa = PBXTargetDependency;
			target = 9F4E310B1E93E2A100B94915 /* Concurrent */;
			targetProxy = 9F4E31211E93E2A100B94915 /* PBXContainerItemProxy */;
		};
		9F4E312D1E93E2A100B94915 /* PBXTargetDependency */ = {
			isa = PBXTargetDependency;
			target = 9F4E310B1E93E2A100B94915 /* Concurrent */;
			targetProxy = 9F4E312C1E93E2A100B94915 /* PBXContainerItemProxy */;
		};
/* End PBXTargetDependency section */

/* Begin PBXVariantGroup section */
		9F4E31131E93E2A100B94915 /* Main.storyboard */ = {
			isa = PBXVariantGroup;
			children = (
				9F4E31141E93E2A100B94915 /* Base */,
			);
			name = Main.storyboard;
			sourceTree = "<group>";
		};
		9F4E31181E93E2A100B94915 /* LaunchScreen.storyboard */ = {
			isa = PBXVariantGroup;
			children = (
				9F4E31191E93E2A100B94915 /* Base */,
			);
			name = LaunchScreen.storyboard;
			sourceTree = "<group>";
		};
/* End PBXVariantGroup section */

/* Begin XCBuildConfiguration section */
		9F4E31321E93E2A100B94915 /* Debug */ = {
			isa = XCBuildConfiguration;
			buildSettings = {
				ALWAYS_SEARCH_USER_PATHS = NO;
				CLANG_ANALYZER_NONNULL = YES;
				CLANG_CXX_LANGUAGE_STANDARD = "gnu++0x";
				CLANG_CXX_LIBRARY = "libc++";
				CLANG_ENABLE_MODULES = YES;
				CLANG_ENABLE_OBJC_ARC = YES;
				CLANG_WARN_BOOL_CONVERSION = YES;
				CLANG_WARN_CONSTANT_CONVERSION = YES;
				CLANG_WARN_DIRECT_OBJC_ISA_USAGE = YES_ERROR;
				CLANG_WARN_DOCUMENTATION_COMMENTS = YES;
				CLANG_WARN_EMPTY_BODY = YES;
				CLANG_WARN_ENUM_CONVERSION = YES;
				CLANG_WARN_INFINITE_RECURSION = YES;
				CLANG_WARN_INT_CONVERSION = YES;
				CLANG_WARN_OBJC_ROOT_CLASS = YES_ERROR;
				CLANG_WARN_SUSPICIOUS_MOVE = YES;
				CLANG_WARN_UNREACHABLE_CODE = YES;
				CLANG_WARN__DUPLICATE_METHOD_MATCH = YES;
				"CODE_SIGN_IDENTITY[sdk=iphoneos*]" = "iPhone Developer";
				COPY_PHASE_STRIP = NO;
				DEBUG_INFORMATION_FORMAT = dwarf;
				ENABLE_STRICT_OBJC_MSGSEND = YES;
				ENABLE_TESTABILITY = YES;
				GCC_C_LANGUAGE_STANDARD = gnu99;
				GCC_DYNAMIC_NO_PIC = NO;
				GCC_NO_COMMON_BLOCKS = YES;
				GCC_OPTIMIZATION_LEVEL = 0;
				GCC_PREPROCESSOR_DEFINITIONS = (
					"DEBUG=1",
					"$(inherited)",
				);
				GCC_WARN_64_TO_32_BIT_CONVERSION = YES;
				GCC_WARN_ABOUT_RETURN_TYPE = YES_ERROR;
				GCC_WARN_UNDECLARED_SELECTOR = YES;
				GCC_WARN_UNINITIALIZED_AUTOS = YES_AGGRESSIVE;
				GCC_WARN_UNUSED_FUNCTION = YES;
				GCC_WARN_UNUSED_VARIABLE = YES;
				IPHONEOS_DEPLOYMENT_TARGET = 10.2;
				MTL_ENABLE_DEBUG_INFO = YES;
				ONLY_ACTIVE_ARCH = YES;
				SDKROOT = iphoneos;
				SWIFT_ACTIVE_COMPILATION_CONDITIONS = DEBUG;
				SWIFT_OPTIMIZATION_LEVEL = "-Onone";
				TARGETED_DEVICE_FAMILY = "1,2";
			};
			name = Debug;
		};
		9F4E31331E93E2A100B94915 /* Release */ = {
			isa = XCBuildConfiguration;
			buildSettings = {
				ALWAYS_SEARCH_USER_PATHS = NO;
				CLANG_ANALYZER_NONNULL = YES;
				CLANG_CXX_LANGUAGE_STANDARD = "gnu++0x";
				CLANG_CXX_LIBRARY = "libc++";
				CLANG_ENABLE_MODULES = YES;
				CLANG_ENABLE_OBJC_ARC = YES;
				CLANG_WARN_BOOL_CONVERSION = YES;
				CLANG_WARN_CONSTANT_CONVERSION = YES;
				CLANG_WARN_DIRECT_OBJC_ISA_USAGE = YES_ERROR;
				CLANG_WARN_DOCUMENTATION_COMMENTS = YES;
				CLANG_WARN_EMPTY_BODY = YES;
				CLANG_WARN_ENUM_CONVERSION = YES;
				CLANG_WARN_INFINITE_RECURSION = YES;
				CLANG_WARN_INT_CONVERSION = YES;
				CLANG_WARN_OBJC_ROOT_CLASS = YES_ERROR;
				CLANG_WARN_SUSPICIOUS_MOVE = YES;
				CLANG_WARN_UNREACHABLE_CODE = YES;
				CLANG_WARN__DUPLICATE_METHOD_MATCH = YES;
				"CODE_SIGN_IDENTITY[sdk=iphoneos*]" = "iPhone Developer";
				COPY_PHASE_STRIP = NO;
				DEBUG_INFORMATION_FORMAT = "dwarf-with-dsym";
				ENABLE_NS_ASSERTIONS = NO;
				ENABLE_STRICT_OBJC_MSGSEND = YES;
				GCC_C_LANGUAGE_STANDARD = gnu99;
				GCC_NO_COMMON_BLOCKS = YES;
				GCC_WARN_64_TO_32_BIT_CONVERSION = YES;
				GCC_WARN_ABOUT_RETURN_TYPE = YES_ERROR;
				GCC_WARN_UNDECLARED_SELECTOR = YES;
				GCC_WARN_UNINITIALIZED_AUTOS = YES_AGGRESSIVE;
				GCC_WARN_UNUSED_FUNCTION = YES;
				GCC_WARN_UNUSED_VARIABLE = YES;
				IPHONEOS_DEPLOYMENT_TARGET = 10.2;
				MTL_ENABLE_DEBUG_INFO = NO;
				SDKROOT = iphoneos;
				SWIFT_OPTIMIZATION_LEVEL = "-Owholemodule";
				TARGETED_DEVICE_FAMILY = "1,2";
				VALIDATE_PRODUCT = YES;
			};
			name = Release;
		};
		9F4E31351E93E2A100B94915 /* Debug */ = {
			isa = XCBuildConfiguration;
			buildSettings = {
				ASSETCATALOG_COMPILER_APPICON_NAME = AppIcon;
				INFOPLIST_FILE = Concurrent/Info.plist;
				LD_RUNPATH_SEARCH_PATHS = "$(inherited) @executable_path/Frameworks";
				PRODUCT_BUNDLE_IDENTIFIER = com.cocoa.Concurrent;
				PRODUCT_NAME = "$(TARGET_NAME)";
				SWIFT_VERSION = 3.0;
			};
			name = Debug;
		};
		9F4E31361E93E2A100B94915 /* Release */ = {
			isa = XCBuildConfiguration;
			buildSettings = {
				ASSETCATALOG_COMPILER_APPICON_NAME = AppIcon;
				INFOPLIST_FILE = Concurrent/Info.plist;
				LD_RUNPATH_SEARCH_PATHS = "$(inherited) @executable_path/Frameworks";
				PRODUCT_BUNDLE_IDENTIFIER = com.cocoa.Concurrent;
				PRODUCT_NAME = "$(TARGET_NAME)";
				SWIFT_VERSION = 3.0;
			};
			name = Release;
		};
		9F4E31381E93E2A100B94915 /* Debug */ = {
			isa = XCBuildConfiguration;
			buildSettings = {
				ALWAYS_EMBED_SWIFT_STANDARD_LIBRARIES = YES;
				BUNDLE_LOADER = "$(TEST_HOST)";
				INFOPLIST_FILE = ConcurrentTests/Info.plist;
				LD_RUNPATH_SEARCH_PATHS = "$(inherited) @executable_path/Frameworks @loader_path/Frameworks";
				PRODUCT_BUNDLE_IDENTIFIER = com.cocoa.ConcurrentTests;
				PRODUCT_NAME = "$(TARGET_NAME)";
				SWIFT_VERSION = 3.0;
				TEST_HOST = "$(BUILT_PRODUCTS_DIR)/Concurrent.app/Concurrent";
			};
			name = Debug;
		};
		9F4E31391E93E2A100B94915 /* Release */ = {
			isa = XCBuildConfiguration;
			buildSettings = {
				ALWAYS_EMBED_SWIFT_STANDARD_LIBRARIES = YES;
				BUNDLE_LOADER = "$(TEST_HOST)";
				INFOPLIST_FILE = ConcurrentTests/Info.plist;
				LD_RUNPATH_SEARCH_PATHS = "$(inherited) @executable_path/Frameworks @loader_path/Frameworks";
				PRODUCT_BUNDLE_IDENTIFIER = com.cocoa.ConcurrentTests;
				PRODUCT_NAME = "$(TARGET_NAME)";
				SWIFT_VERSION = 3.0;
				TEST_HOST = "$(BUILT_PRODUCTS_DIR)/Concurrent.app/Concurrent";
			};
			name = Release;
		};
		9F4E313B1E93E2A100B94915 /* Debug */ = {
			isa = XCBuildConfiguration;
			buildSettings = {
				ALWAYS_EMBED_SWIFT_STANDARD_LIBRARIES = YES;
				INFOPLIST_FILE = ConcurrentUITests/Info.plist;
				LD_RUNPATH_SEARCH_PATHS = "$(inherited) @executable_path/Frameworks @loader_path/Frameworks";
				PRODUCT_BUNDLE_IDENTIFIER = com.cocoa.ConcurrentUITests;
				PRODUCT_NAME = "$(TARGET_NAME)";
				SWIFT_VERSION = 3.0;
				TEST_TARGET_NAME = Concurrent;
			};
			name = Debug;
		};
		9F4E313C1E93E2A100B94915 /* Release */ = {
			isa = XCBuildConfiguration;
			buildSettings = {
				ALWAYS_EMBED_SWIFT_STANDARD_LIBRARIES = YES;
				INFOPLIST_FILE = ConcurrentUITests/Info.plist;
				LD_RUNPATH_SEARCH_PATHS = "$(inherited) @executable_path/Frameworks @loader_path/Frameworks";
				PRODUCT_BUNDLE_IDENTIFIER = com.cocoa.ConcurrentUITests;
				PRODUCT_NAME = "$(TARGET_NAME)";
				SWIFT_VERSION = 3.0;
				TEST_TARGET_NAME = Concurrent;
			};
			name = Release;
		};
/* End XCBuildConfiguration section */

/* Begin XCConfigurationList section */
		9F4E31071E93E2A100B94915 /* Build configuration list for PBXProject "Concurrent" */ = {
			isa = XCConfigurationList;
			buildConfigurations = (
				9F4E31321E93E2A100B94915 /* Debug */,
				9F4E31331E93E2A100B94915 /* Release */,
			);
			defaultConfigurationIsVisible = 0;
			defaultConfigurationName = Release;
		};
		9F4E31341E93E2A100B94915 /* Build configuration list for PBXNativeTarget "Concurrent" */ = {
			isa = XCConfigurationList;
			buildConfigurations = (
				9F4E31351E93E2A100B94915 /* Debug */,
				9F4E31361E93E2A100B94915 /* Release */,
			);
			defaultConfigurationIsVisible = 0;
		};
		9F4E31371E93E2A100B94915 /* Build configuration list for PBXNativeTarget "ConcurrentTests" */ = {
			isa = XCConfigurationList;
			buildConfigurations = (
				9F4E31381E93E2A100B94915 /* Debug */,
				9F4E31391E93E2A100B94915 /* Release */,
			);
			defaultConfigurationIsVisible = 0;
		};
		9F4E313A1E93E2A100B94915 /* Build configuration list for PBXNativeTarget "ConcurrentUITests" */ = {
			isa = XCConfigurationList;
			buildConfigurations = (
				9F4E313B1E93E2A100B94915 /* Debug */,
				9F4E313C1E93E2A100B94915 /* Release */,
			);
			defaultConfigurationIsVisible = 0;
		};
/* End XCConfigurationList section */
	};
	rootObject = 9F4E31041E93E2A100B94915 /* Project object */;
}
