// !$*UTF8*$!
{
	archiveVersion = 1;
	classes = {
	};
	objectVersion = 46;
	objects = {

/* Begin PBXBuildFile section */
		336715641E9E18B30056FAB1 /* AppDelegate.swift in Sources */ = {isa = PBXBuildFile; fileRef = 336715631E9E18B30056FAB1 /* AppDelegate.swift */; };
		336715691E9E18B30056FAB1 /* Main.storyboard in Resources */ = {isa = PBXBuildFile; fileRef = 336715671E9E18B30056FAB1 /* Main.storyboard */; };
		3367156B1E9E18B30056FAB1 /* Assets.xcassets in Resources */ = {isa = PBXBuildFile; fileRef = 3367156A1E9E18B30056FAB1 /* Assets.xcassets */; };
		3367156E1E9E18B30056FAB1 /* LaunchScreen.storyboard in Resources */ = {isa = PBXBuildFile; fileRef = 3367156C1E9E18B30056FAB1 /* LaunchScreen.storyboard */; };
		336715761E9E20C50056FAB1 /* TableViewController.swift in Sources */ = {isa = PBXBuildFile; fileRef = 336715751E9E20C50056FAB1 /* TableViewController.swift */; };
		336715781E9E2AE20056FAB1 /* RestaurantTableViewCell.swift in Sources */ = {isa = PBXBuildFile; fileRef = 336715771E9E2AE20056FAB1 /* RestaurantTableViewCell.swift */; };
/* End PBXBuildFile section */

/* Begin PBXFileReference section */
		336715601E9E18B30056FAB1 /* TableViewControllerDemo.app */ = {isa = PBXFileReference; explicitFileType = wrapper.application; includeInIndex = 0; path = TableViewControllerDemo.app; sourceTree = BUILT_PRODUCTS_DIR; };
		336715631E9E18B30056FAB1 /* AppDelegate.swift */ = {isa = PBXFileReference; lastKnownFileType = sourcecode.swift; path = AppDelegate.swift; sourceTree = "<group>"; };
		336715681E9E18B30056FAB1 /* Base */ = {isa = PBXFileReference; lastKnownFileType = file.storyboard; name = Base; path = Base.lproj/Main.storyboard; sourceTree = "<group>"; };
		3367156A1E9E18B30056FAB1 /* Assets.xcassets */ = {isa = PBXFileReference; lastKnownFileType = folder.assetcatalog; path = Assets.xcassets; sourceTree = "<group>"; };
		3367156D1E9E18B30056FAB1 /* Base */ = {isa = PBXFileReference; lastKnownFileType = file.storyboard; name = Base; path = Base.lproj/LaunchScreen.storyboard; sourceTree = "<group>"; };
		3367156F1E9E18B30056FAB1 /* Info.plist */ = {isa = PBXFileReference; lastKnownFileType = text.plist.xml; path = Info.plist; sourceTree = "<group>"; };
		336715751E9E20C50056FAB1 /* TableViewController.swift */ = {isa = PBXFileReference; fileEncoding = 4; lastKnownFileType = sourcecode.swift; path = TableViewController.swift; sourceTree = "<group>"; };
		336715771E9E2AE20056FAB1 /* RestaurantTableViewCell.swift */ = {isa = PBXFileReference; fileEncoding = 4; lastKnownFileType = sourcecode.swift; path = RestaurantTableViewCell.swift; sourceTree = "<group>"; };
/* End PBXFileReference section */

/* Begin PBXFrameworksBuildPhase section */
		3367155D1E9E18B30056FAB1 /* Frameworks */ = {
			isa = PBXFrameworksBuildPhase;
			buildActionMask = 2147483647;
			files = (
			);
			runOnlyForDeploymentPostprocessing = 0;
		};
/* End PBXFrameworksBuildPhase section */

/* Begin PBXGroup section */
		336715571E9E18B30056FAB1 = {
			isa = PBXGroup;
			children = (
				336715621E9E18B30056FAB1 /* TableViewControllerDemo */,
				336715611E9E18B30056FAB1 /* Products */,
			);
			sourceTree = "<group>";
		};
		336715611E9E18B30056FAB1 /* Products */ = {
			isa = PBXGroup;
			children = (
				336715601E9E18B30056FAB1 /* TableViewControllerDemo.app */,
			);
			name = Products;
			sourceTree = "<group>";
		};
		336715621E9E18B30056FAB1 /* TableViewControllerDemo */ = {
			isa = PBXGroup;
			children = (
				336715631E9E18B30056FAB1 /* AppDelegate.swift */,
				336715671E9E18B30056FAB1 /* Main.storyboard */,
				3367156A1E9E18B30056FAB1 /* Assets.xcassets */,
				3367156C1E9E18B30056FAB1 /* LaunchScreen.storyboard */,
				3367156F1E9E18B30056FAB1 /* Info.plist */,
				336715751E9E20C50056FAB1 /* TableViewController.swift */,
				336715771E9E2AE20056FAB1 /* RestaurantTableViewCell.swift */,
			);
			path = TableViewControllerDemo;
			sourceTree = "<group>";
		};
/* End PBXGroup section */

/* Begin PBXNativeTarget section */
		3367155F1E9E18B30056FAB1 /* TableViewControllerDemo */ = {
			isa = PBXNativeTarget;
			buildConfigurationList = 336715721E9E18B30056FAB1 /* Build configuration list for PBXNativeTarget "TableViewControllerDemo" */;
			buildPhases = (
				3367155C1E9E18B30056FAB1 /* Sources */,
				3367155D1E9E18B30056FAB1 /* Frameworks */,
				3367155E1E9E18B30056FAB1 /* Resources */,
			);
			buildRules = (
			);
			dependencies = (
			);
			name = TableViewControllerDemo;
			productName = TableViewControllerDemo;
			productReference = 336715601E9E18B30056FAB1 /* TableViewControllerDemo.app */;
			productType = "com.apple.product-type.application";
		};
/* End PBXNativeTarget section */

/* Begin PBXProject section */
		336715581E9E18B30056FAB1 /* Project object */ = {
			isa = PBXProject;
			attributes = {
				LastSwiftUpdateCheck = 0820;
				LastUpgradeCheck = 0820;
				ORGANIZATIONNAME = sj;
				TargetAttributes = {
					3367155F1E9E18B30056FAB1 = {
						CreatedOnToolsVersion = 8.2.1;
						ProvisioningStyle = Automatic;
					};
				};
			};
			buildConfigurationList = 3367155B1E9E18B30056FAB1 /* Build configuration list for PBXProject "TableViewControllerDemo" */;
			compatibilityVersion = "Xcode 3.2";
			developmentRegion = English;
			hasScannedForEncodings = 0;
			knownRegions = (
				en,
				Base,
			);
			mainGroup = 336715571E9E18B30056FAB1;
			productRefGroup = 336715611E9E18B30056FAB1 /* Products */;
			projectDirPath = "";
			projectRoot = "";
			targets = (
				3367155F1E9E18B30056FAB1 /* TableViewControllerDemo */,
			);
		};
/* End PBXProject section */

/* Begin PBXResourcesBuildPhase section */
		3367155E1E9E18B30056FAB1 /* Resources */ = {
			isa = PBXResourcesBuildPhase;
			buildActionMask = 2147483647;
			files = (
				3367156E1E9E18B30056FAB1 /* LaunchScreen.storyboard in Resources */,
				3367156B1E9E18B30056FAB1 /* Assets.xcassets in Resources */,
				336715691E9E18B30056FAB1 /* Main.storyboard in Resources */,
			);
			runOnlyForDeploymentPostprocessing = 0;
		};
/* End PBXResourcesBuildPhase section */

/* Begin PBXSourcesBuildPhase section */
		3367155C1E9E18B30056FAB1 /* Sources */ = {
			isa = PBXSourcesBuildPhase;
			buildActionMask = 2147483647;
			files = (
				336715641E9E18B30056FAB1 /* AppDelegate.swift in Sources */,
				336715781E9E2AE20056FAB1 /* RestaurantTableViewCell.swift in Sources */,
				336715761E9E20C50056FAB1 /* TableViewController.swift in Sources */,
			);
			runOnlyForDeploymentPostprocessing = 0;
		};
/* End PBXSourcesBuildPhase section */

/* Begin PBXVariantGroup section */
		336715671E9E18B30056FAB1 /* Main.storyboard */ = {
			isa = PBXVariantGroup;
			children = (
				336715681E9E18B30056FAB1 /* Base */,
			);
			name = Main.storyboard;
			sourceTree = "<group>";
		};
		3367156C1E9E18B30056FAB1 /* LaunchScreen.storyboard */ = {
			isa = PBXVariantGroup;
			children = (
				3367156D1E9E18B30056FAB1 /* Base */,
			);
			name = LaunchScreen.storyboard;
			sourceTree = "<group>";
		};
/* End PBXVariantGroup section */

/* Begin XCBuildConfiguration section */
		336715701E9E18B30056FAB1 /* Debug */ = {
			isa = XCBuildConfiguration;
			buildSettings = {
				ALWAYS_SEARCH_USER_PATHS = NO;
				CLANG_ANALYZER_NONNULL = YES;
				CLANG_CXX_LANGUAGE_STANDARD = "gnu++0x";
				CLANG_CXX_LIBRARY = "libc++";
				CLANG_ENABLE_MODULES = YES;
				CLANG_ENABLE_OBJC_ARC = YES;
				CLANG_WARN_BOOL_CONVERSION = YES;
				CLANG_WARN_CONSTANT_CONVERSION = YES;
				CLANG_WARN_DIRECT_OBJC_ISA_USAGE = YES_ERROR;
				CLANG_WARN_DOCUMENTATION_COMMENTS = YES;
				CLANG_WARN_EMPTY_BODY = YES;
				CLANG_WARN_ENUM_CONVERSION = YES;
				CLANG_WARN_INFINITE_RECURSION = YES;
				CLANG_WARN_INT_CONVERSION = YES;
				CLANG_WARN_OBJC_ROOT_CLASS = YES_ERROR;
				CLANG_WARN_SUSPICIOUS_MOVE = YES;
				CLANG_WARN_UNREACHABLE_CODE = YES;
				CLANG_WARN__DUPLICATE_METHOD_MATCH = YES;
				"CODE_SIGN_IDENTITY[sdk=iphoneos*]" = "iPhone Developer";
				COPY_PHASE_STRIP = NO;
				DEBUG_INFORMATION_FORMAT = dwarf;
				ENABLE_STRICT_OBJC_MSGSEND = YES;
				ENABLE_TESTABILITY = YES;
				GCC_C_LANGUAGE_STANDARD = gnu99;
				GCC_DYNAMIC_NO_PIC = NO;
				GCC_NO_COMMON_BLOCKS = YES;
				GCC_OPTIMIZATION_LEVEL = 0;
				GCC_PREPROCESSOR_DEFINITIONS = (
					"DEBUG=1",
					"$(inherited)",
				);
				GCC_WARN_64_TO_32_BIT_CONVERSION = YES;
				GCC_WARN_ABOUT_RETURN_TYPE = YES_ERROR;
				GCC_WARN_UNDECLARED_SELECTOR = YES;
				GCC_WARN_UNINITIALIZED_AUTOS = YES_AGGRESSIVE;
				GCC_WARN_UNUSED_FUNCTION = YES;
				GCC_WARN_UNUSED_VARIABLE = YES;
				IPHONEOS_DEPLOYMENT_TARGET = 10.2;
				MTL_ENABLE_DEBUG_INFO = YES;
				ONLY_ACTIVE_ARCH = YES;
				SDKROOT = iphoneos;
				SWIFT_ACTIVE_COMPILATION_CONDITIONS = DEBUG;
				SWIFT_OPTIMIZATION_LEVEL = "-Onone";
			};
			name = Debug;
		};
		336715711E9E18B30056FAB1 /* Release */ = {
			isa = XCBuildConfiguration;
			buildSettings = {
				ALWAYS_SEARCH_USER_PATHS = NO;
				CLANG_ANALYZER_NONNULL = YES;
				CLANG_CXX_LANGUAGE_STANDARD = "gnu++0x";
				CLANG_CXX_LIBRARY = "libc++";
				CLANG_ENABLE_MODULES = YES;
				CLANG_ENABLE_OBJC_ARC = YES;
				CLANG_WARN_BOOL_CONVERSION = YES;
				CLANG_WARN_CONSTANT_CONVERSION = YES;
				CLANG_WARN_DIRECT_OBJC_ISA_USAGE = YES_ERROR;
				CLANG_WARN_DOCUMENTATION_COMMENTS = YES;
				CLANG_WARN_EMPTY_BODY = YES;
				CLANG_WARN_ENUM_CONVERSION = YES;
				CLANG_WARN_INFINITE_RECURSION = YES;
				CLANG_WARN_INT_CONVERSION = YES;
				CLANG_WARN_OBJC_ROOT_CLASS = YES_ERROR;
				CLANG_WARN_SUSPICIOUS_MOVE = YES;
				CLANG_WARN_UNREACHABLE_CODE = YES;
				CLANG_WARN__DUPLICATE_METHOD_MATCH = YES;
				"CODE_SIGN_IDENTITY[sdk=iphoneos*]" = "iPhone Developer";
				COPY_PHASE_STRIP = NO;
				DEBUG_INFORMATION_FORMAT = "dwarf-with-dsym";
				ENABLE_NS_ASSERTIONS = NO;
				ENABLE_STRICT_OBJC_MSGSEND = YES;
				GCC_C_LANGUAGE_STANDARD = gnu99;
				GCC_NO_COMMON_BLOCKS = YES;
				GCC_WARN_64_TO_32_BIT_CONVERSION = YES;
				GCC_WARN_ABOUT_RETURN_TYPE = YES_ERROR;
				GCC_WARN_UNDECLARED_SELECTOR = YES;
				GCC_WARN_UNINITIALIZED_AUTOS = YES_AGGRESSIVE;
				GCC_WARN_UNUSED_FUNCTION = YES;
				GCC_WARN_UNUSED_VARIABLE = YES;
				IPHONEOS_DEPLOYMENT_TARGET = 10.2;
				MTL_ENABLE_DEBUG_INFO = NO;
				SDKROOT = iphoneos;
				SWIFT_OPTIMIZATION_LEVEL = "-Owholemodule";
				VALIDATE_PRODUCT = YES;
			};
			name = Release;
		};
		336715731E9E18B30056FAB1 /* Debug */ = {
			isa = XCBuildConfiguration;
			buildSettings = {
				ASSETCATALOG_COMPILER_APPICON_NAME = AppIcon;
				INFOPLIST_FILE = TableViewControllerDemo/Info.plist;
				LD_RUNPATH_SEARCH_PATHS = "$(inherited) @executable_path/Frameworks";
				PRODUCT_BUNDLE_IDENTIFIER = com.cocoa.TableViewControllerDemo;
				PRODUCT_NAME = "$(TARGET_NAME)";
				SWIFT_VERSION = 3.0;
			};
			name = Debug;
		};
		336715741E9E18B30056FAB1 /* Release */ = {
			isa = XCBuildConfiguration;
			buildSettings = {
				ASSETCATALOG_COMPILER_APPICON_NAME = AppIcon;
				INFOPLIST_FILE = TableViewControllerDemo/Info.plist;
				LD_RUNPATH_SEARCH_PATHS = "$(inherited) @executable_path/Frameworks";
				PRODUCT_BUNDLE_IDENTIFIER = com.cocoa.TableViewControllerDemo;
				PRODUCT_NAME = "$(TARGET_NAME)";
				SWIFT_VERSION = 3.0;
			};
			name = Release;
		};
/* End XCBuildConfiguration section */

/* Begin XCConfigurationList section */
		3367155B1E9E18B30056FAB1 /* Build configuration list for PBXProject "TableViewControllerDemo" */ = {
			isa = XCConfigurationList;
			buildConfigurations = (
				336715701E9E18B30056FAB1 /* Debug */,
				336715711E9E18B30056FAB1 /* Release */,
			);
			defaultConfigurationIsVisible = 0;
			defaultConfigurationName = Release;
		};
		336715721E9E18B30056FAB1 /* Build configuration list for PBXNativeTarget "TableViewControllerDemo" */ = {
			isa = XCConfigurationList;
			buildConfigurations = (
				336715731E9E18B30056FAB1 /* Debug */,
				336715741E9E18B30056FAB1 /* Release */,
			);
			defaultConfigurationIsVisible = 0;
		};
/* End XCConfigurationList section */
	};
	rootObject = 336715581E9E18B30056FAB1 /* Project object */;
}
