// !$*UTF8*$!
{
	archiveVersion = 1;
	classes = {
	};
	objectVersion = 46;
	objects = {

/* Begin PBXBuildFile section */
		CCD5B4C11EB5CD62005CEBCF /* AppDelegate.swift in Sources */ = {isa = PBXBuildFile; fileRef = CCD5B4C01EB5CD62005CEBCF /* AppDelegate.swift */; };
		CCD5B4C31EB5CD62005CEBCF /* ViewController.swift in Sources */ = {isa = PBXBuildFile; fileRef = CCD5B4C21EB5CD62005CEBCF /* ViewController.swift */; };
		CCD5B4C61EB5CD62005CEBCF /* Main.storyboard in Resources */ = {isa = PBXBuildFile; fileRef = CCD5B4C41EB5CD62005CEBCF /* Main.storyboard */; };
		CCD5B4C81EB5CD62005CEBCF /* Assets.xcassets in Resources */ = {isa = PBXBuildFile; fileRef = CCD5B4C71EB5CD62005CEBCF /* Assets.xcassets */; };
		CCD5B4CB1EB5CD62005CEBCF /* LaunchScreen.storyboard in Resources */ = {isa = PBXBuildFile; fileRef = CCD5B4C91EB5CD62005CEBCF /* LaunchScreen.storyboard */; };
/* End PBXBuildFile section */

/* Begin PBXFileReference section */
		CCD5B4BD1EB5CD62005CEBCF /* TestGCD.app */ = {isa = PBXFileReference; explicitFileType = wrapper.application; includeInIndex = 0; path = TestGCD.app; sourceTree = BUILT_PRODUCTS_DIR; };
		CCD5B4C01EB5CD62005CEBCF /* AppDelegate.swift */ = {isa = PBXFileReference; lastKnownFileType = sourcecode.swift; path = AppDelegate.swift; sourceTree = "<group>"; };
		CCD5B4C21EB5CD62005CEBCF /* ViewController.swift */ = {isa = PBXFileReference; lastKnownFileType = sourcecode.swift; path = ViewController.swift; sourceTree = "<group>"; };
		CCD5B4C51EB5CD62005CEBCF /* Base */ = {isa = PBXFileReference; lastKnownFileType = file.storyboard; name = Base; path = Base.lproj/Main.storyboard; sourceTree = "<group>"; };
		CCD5B4C71EB5CD62005CEBCF /* Assets.xcassets */ = {isa = PBXFileReference; lastKnownFileType = folder.assetcatalog; path = Assets.xcassets; sourceTree = "<group>"; };
		CCD5B4CA1EB5CD62005CEBCF /* Base */ = {isa = PBXFileReference; lastKnownFileType = file.storyboard; name = Base; path = Base.lproj/LaunchScreen.storyboard; sourceTree = "<group>"; };
		CCD5B4CC1EB5CD62005CEBCF /* Info.plist */ = {isa = PBXFileReference; lastKnownFileType = text.plist.xml; path = Info.plist; sourceTree = "<group>"; };
/* End PBXFileReference section */

/* Begin PBXFrameworksBuildPhase section */
		CCD5B4BA1EB5CD62005CEBCF /* Frameworks */ = {
			isa = PBXFrameworksBuildPhase;
			buildActionMask = 2147483647;
			files = (
			);
			runOnlyForDeploymentPostprocessing = 0;
		};
/* End PBXFrameworksBuildPhase section */

/* Begin PBXGroup section */
		CCD5B4B41EB5CD62005CEBCF = {
			isa = PBXGroup;
			children = (
				CCD5B4BF1EB5CD62005CEBCF /* TestGCD */,
				CCD5B4BE1EB5CD62005CEBCF /* Products */,
			);
			sourceTree = "<group>";
		};
		CCD5B4BE1EB5CD62005CEBCF /* Products */ = {
			isa = PBXGroup;
			children = (
				CCD5B4BD1EB5CD62005CEBCF /* TestGCD.app */,
			);
			name = Products;
			sourceTree = "<group>";
		};
		CCD5B4BF1EB5CD62005CEBCF /* TestGCD */ = {
			isa = PBXGroup;
			children = (
				CCD5B4C01EB5CD62005CEBCF /* AppDelegate.swift */,
				CCD5B4C21EB5CD62005CEBCF /* ViewController.swift */,
				CCD5B4C41EB5CD62005CEBCF /* Main.storyboard */,
				CCD5B4C71EB5CD62005CEBCF /* Assets.xcassets */,
				CCD5B4C91EB5CD62005CEBCF /* LaunchScreen.storyboard */,
				CCD5B4CC1EB5CD62005CEBCF /* Info.plist */,
			);
			path = TestGCD;
			sourceTree = "<group>";
		};
/* End PBXGroup section */

/* Begin PBXNativeTarget section */
		CCD5B4BC1EB5CD62005CEBCF /* TestGCD */ = {
			isa = PBXNativeTarget;
			buildConfigurationList = CCD5B4CF1EB5CD62005CEBCF /* Build configuration list for PBXNativeTarget "TestGCD" */;
			buildPhases = (
				CCD5B4B91EB5CD62005CEBCF /* Sources */,
				CCD5B4BA1EB5CD62005CEBCF /* Frameworks */,
				CCD5B4BB1EB5CD62005CEBCF /* Resources */,
			);
			buildRules = (
			);
			dependencies = (
			);
			name = TestGCD;
			productName = TestGCD;
			productReference = CCD5B4BD1EB5CD62005CEBCF /* TestGCD.app */;
			productType = "com.apple.product-type.application";
		};
/* End PBXNativeTarget section */

/* Begin PBXProject section */
		CCD5B4B51EB5CD62005CEBCF /* Project object */ = {
			isa = PBXProject;
			attributes = {
				LastSwiftUpdateCheck = 0830;
				LastUpgradeCheck = 0830;
				ORGANIZATIONNAME = cocoa;
				TargetAttributes = {
					CCD5B4BC1EB5CD62005CEBCF = {
						CreatedOnToolsVersion = 8.3.2;
						DevelopmentTeam = 9SKDGJS28P;
						ProvisioningStyle = Automatic;
					};
				};
			};
			buildConfigurationList = CCD5B4B81EB5CD62005CEBCF /* Build configuration list for PBXProject "TestGCD" */;
			compatibilityVersion = "Xcode 3.2";
			developmentRegion = English;
			hasScannedForEncodings = 0;
			knownRegions = (
				en,
				Base,
			);
			mainGroup = CCD5B4B41EB5CD62005CEBCF;
			productRefGroup = CCD5B4BE1EB5CD62005CEBCF /* Products */;
			projectDirPath = "";
			projectRoot = "";
			targets = (
				CCD5B4BC1EB5CD62005CEBCF /* TestGCD */,
			);
		};
/* End PBXProject section */

/* Begin PBXResourcesBuildPhase section */
		CCD5B4BB1EB5CD62005CEBCF /* Resources */ = {
			isa = PBXResourcesBuildPhase;
			buildActionMask = 2147483647;
			files = (
				CCD5B4CB1EB5CD62005CEBCF /* LaunchScreen.storyboard in Resources */,
				CCD5B4C81EB5CD62005CEBCF /* Assets.xcassets in Resources */,
				CCD5B4C61EB5CD62005CEBCF /* Main.storyboard in Resources */,
			);
			runOnlyForDeploymentPostprocessing = 0;
		};
/* End PBXResourcesBuildPhase section */

/* Begin PBXSourcesBuildPhase section */
		CCD5B4B91EB5CD62005CEBCF /* Sources */ = {
			isa = PBXSourcesBuildPhase;
			buildActionMask = 2147483647;
			files = (
				CCD5B4C31EB5CD62005CEBCF /* ViewController.swift in Sources */,
				CCD5B4C11EB5CD62005CEBCF /* AppDelegate.swift in Sources */,
			);
			runOnlyForDeploymentPostprocessing = 0;
		};
/* End PBXSourcesBuildPhase section */

/* Begin PBXVariantGroup section */
		CCD5B4C41EB5CD62005CEBCF /* Main.storyboard */ = {
			isa = PBXVariantGroup;
			children = (
				CCD5B4C51EB5CD62005CEBCF /* Base */,
			);
			name = Main.storyboard;
			sourceTree = "<group>";
		};
		CCD5B4C91EB5CD62005CEBCF /* LaunchScreen.storyboard */ = {
			isa = PBXVariantGroup;
			children = (
				CCD5B4CA1EB5CD62005CEBCF /* Base */,
			);
			name = LaunchScreen.storyboard;
			sourceTree = "<group>";
		};
/* End PBXVariantGroup section */

/* Begin XCBuildConfiguration section */
		CCD5B4CD1EB5CD62005CEBCF /* Debug */ = {
			isa = XCBuildConfiguration;
			buildSettings = {
				ALWAYS_SEARCH_USER_PATHS = NO;
				CLANG_ANALYZER_NONNULL = YES;
				CLANG_ANALYZER_NUMBER_OBJECT_CONVERSION = YES_AGGRESSIVE;
				CLANG_CXX_LANGUAGE_STANDARD = "gnu++0x";
				CLANG_CXX_LIBRARY = "libc++";
				CLANG_ENABLE_MODULES = YES;
				CLANG_ENABLE_OBJC_ARC = YES;
				CLANG_WARN_BOOL_CONVERSION = YES;
				CLANG_WARN_CONSTANT_CONVERSION = YES;
				CLANG_WARN_DIRECT_OBJC_ISA_USAGE = YES_ERROR;
				CLANG_WARN_DOCUMENTATION_COMMENTS = YES;
				CLANG_WARN_EMPTY_BODY = YES;
				CLANG_WARN_ENUM_CONVERSION = YES;
				CLANG_WARN_INFINITE_RECURSION = YES;
				CLANG_WARN_INT_CONVERSION = YES;
				CLANG_WARN_OBJC_ROOT_CLASS = YES_ERROR;
				CLANG_WARN_SUSPICIOUS_MOVE = YES;
				CLANG_WARN_UNREACHABLE_CODE = YES;
				CLANG_WARN__DUPLICATE_METHOD_MATCH = YES;
				"CODE_SIGN_IDENTITY[sdk=iphoneos*]" = "iPhone Developer";
				COPY_PHASE_STRIP = NO;
				DEBUG_INFORMATION_FORMAT = dwarf;
				ENABLE_STRICT_OBJC_MSGSEND = YES;
				ENABLE_TESTABILITY = YES;
				GCC_C_LANGUAGE_STANDARD = gnu99;
				GCC_DYNAMIC_NO_PIC = NO;
				GCC_NO_COMMON_BLOCKS = YES;
				GCC_OPTIMIZATION_LEVEL = 0;
				GCC_PREPROCESSOR_DEFINITIONS = (
					"DEBUG=1",
					"$(inherited)",
				);
				GCC_WARN_64_TO_32_BIT_CONVERSION = YES;
				GCC_WARN_ABOUT_RETURN_TYPE = YES_ERROR;
				GCC_WARN_UNDECLARED_SELECTOR = YES;
				GCC_WARN_UNINITIALIZED_AUTOS = YES_AGGRESSIVE;
				GCC_WARN_UNUSED_FUNCTION = YES;
				GCC_WARN_UNUSED_VARIABLE = YES;
				IPHONEOS_DEPLOYMENT_TARGET = 10.3;
				MTL_ENABLE_DEBUG_INFO = YES;
				ONLY_ACTIVE_ARCH = YES;
				SDKROOT = iphoneos;
				SWIFT_ACTIVE_COMPILATION_CONDITIONS = DEBUG;
				SWIFT_OPTIMIZATION_LEVEL = "-Onone";
				TARGETED_DEVICE_FAMILY = "1,2";
			};
			name = Debug;
		};
		CCD5B4CE1EB5CD62005CEBCF /* Release */ = {
			isa = XCBuildConfiguration;
			buildSettings = {
				ALWAYS_SEARCH_USER_PATHS = NO;
				CLANG_ANALYZER_NONNULL = YES;
				CLANG_ANALYZER_NUMBER_OBJECT_CONVERSION = YES_AGGRESSIVE;
				CLANG_CXX_LANGUAGE_STANDARD = "gnu++0x";
				CLANG_CXX_LIBRARY = "libc++";
				CLANG_ENABLE_MODULES = YES;
				CLANG_ENABLE_OBJC_ARC = YES;
				CLANG_WARN_BOOL_CONVERSION = YES;
				CLANG_WARN_CONSTANT_CONVERSION = YES;
				CLANG_WARN_DIRECT_OBJC_ISA_USAGE = YES_ERROR;
				CLANG_WARN_DOCUMENTATION_COMMENTS = YES;
				CLANG_WARN_EMPTY_BODY = YES;
				CLANG_WARN_ENUM_CONVERSION = YES;
				CLANG_WARN_INFINITE_RECURSION = YES;
				CLANG_WARN_INT_CONVERSION = YES;
				CLANG_WARN_OBJC_ROOT_CLASS = YES_ERROR;
				CLANG_WARN_SUSPICIOUS_MOVE = YES;
				CLANG_WARN_UNREACHABLE_CODE = YES;
				CLANG_WARN__DUPLICATE_METHOD_MATCH = YES;
				"CODE_SIGN_IDENTITY[sdk=iphoneos*]" = "iPhone Developer";
				COPY_PHASE_STRIP = NO;
				DEBUG_INFORMATION_FORMAT = "dwarf-with-dsym";
				ENABLE_NS_ASSERTIONS = NO;
				ENABLE_STRICT_OBJC_MSGSEND = YES;
				GCC_C_LANGUAGE_STANDARD = gnu99;
				GCC_NO_COMMON_BLOCKS = YES;
				GCC_WARN_64_TO_32_BIT_CONVERSION = YES;
				GCC_WARN_ABOUT_RETURN_TYPE = YES_ERROR;
				GCC_WARN_UNDECLARED_SELECTOR = YES;
				GCC_WARN_UNINITIALIZED_AUTOS = YES_AGGRESSIVE;
				GCC_WARN_UNUSED_FUNCTION = YES;
				GCC_WARN_UNUSED_VARIABLE = YES;
				IPHONEOS_DEPLOYMENT_TARGET = 10.3;
				MTL_ENABLE_DEBUG_INFO = NO;
				SDKROOT = iphoneos;
				SWIFT_OPTIMIZATION_LEVEL = "-Owholemodule";
				TARGETED_DEVICE_FAMILY = "1,2";
				VALIDATE_PRODUCT = YES;
			};
			name = Release;
		};
		CCD5B4D01EB5CD62005CEBCF /* Debug */ = {
			isa = XCBuildConfiguration;
			buildSettings = {
				ASSETCATALOG_COMPILER_APPICON_NAME = AppIcon;
				DEVELOPMENT_TEAM = 9SKDGJS28P;
				INFOPLIST_FILE = TestGCD/Info.plist;
				IPHONEOS_DEPLOYMENT_TARGET = 10.2;
				LD_RUNPATH_SEARCH_PATHS = "$(inherited) @executable_path/Frameworks";
				PRODUCT_BUNDLE_IDENTIFIER = com.cococao.test.TestGCD;
				PRODUCT_NAME = "$(TARGET_NAME)";
				SWIFT_VERSION = 3.0;
			};
			name = Debug;
		};
		CCD5B4D11EB5CD62005CEBCF /* Release */ = {
			isa = XCBuildConfiguration;
			buildSettings = {
				ASSETCATALOG_COMPILER_APPICON_NAME = AppIcon;
				DEVELOPMENT_TEAM = 9SKDGJS28P;
				INFOPLIST_FILE = TestGCD/Info.plist;
				IPHONEOS_DEPLOYMENT_TARGET = 10.2;
				LD_RUNPATH_SEARCH_PATHS = "$(inherited) @executable_path/Frameworks";
				PRODUCT_BUNDLE_IDENTIFIER = com.cococao.test.TestGCD;
				PRODUCT_NAME = "$(TARGET_NAME)";
				SWIFT_VERSION = 3.0;
			};
			name = Release;
		};
/* End XCBuildConfiguration section */

/* Begin XCConfigurationList section */
		CCD5B4B81EB5CD62005CEBCF /* Build configuration list for PBXProject "TestGCD" */ = {
			isa = XCConfigurationList;
			buildConfigurations = (
				CCD5B4CD1EB5CD62005CEBCF /* Debug */,
				CCD5B4CE1EB5CD62005CEBCF /* Release */,
			);
			defaultConfigurationIsVisible = 0;
			defaultConfigurationName = Release;
		};
		CCD5B4CF1EB5CD62005CEBCF /* Build configuration list for PBXNativeTarget "TestGCD" */ = {
			isa = XCConfigurationList;
			buildConfigurations = (
				CCD5B4D01EB5CD62005CEBCF /* Debug */,
				CCD5B4D11EB5CD62005CEBCF /* Release */,
			);
			defaultConfigurationIsVisible = 0;
			defaultConfigurationName = Release;
		};
/* End XCConfigurationList section */
	};
	rootObject = CCD5B4B51EB5CD62005CEBCF /* Project object */;
}
